
Microsoft Visual Studio Solution File, Format Version 11.00
# Visual Studio 2010
Project("{FAE04EC0-301F-11D3-BF4B-00C04F79EFBC}") = "Assembly-CSharp", "Assembly-CSharp.csproj", "{10F82A76-A689-953E-EFBD-A43414EBA685}"
EndProject
Project("{FAE04EC0-301F-11D3-BF4B-00C04F79EFBC}") = "Assembly-CSharp-Editor", "Assembly-CSharp-Editor.csproj", "{190AD492-3582-4540-EDE1-B18BDFC6ADF1}"
EndProject
Global
	GlobalSection(SolutionConfigurationPlatforms) = preSolution
		Debug|Any CPU = Debug|Any CPU
		Release|Any CPU = Release|Any CPU
	EndGlobalSection
	GlobalSection(ProjectConfigurationPlatforms) = postSolution
		{10F82A76-A689-953E-EFBD-A43414EBA685}.Debug|Any CPU.ActiveCfg = Debug|Any CPU
		{10F82A76-A689-953E-EFBD-A43414EBA685}.Debug|Any CPU.Build.0 = Debug|Any CPU
		{10F82A76-A689-953E-EFBD-A43414EBA685}.Release|Any CPU.ActiveCfg = Release|Any CPU
		{10F82A76-A689-953E-EFBD-A43414EBA685}.Release|Any CPU.Build.0 = Release|Any CPU
		{190AD492-3582-4540-EDE1-B18BDFC6ADF1}.Debug|Any CPU.ActiveCfg = Debug|Any CPU
		{190AD492-3582-4540-EDE1-B18BDFC6ADF1}.Debug|Any CPU.Build.0 = Debug|Any CPU
		{190AD492-3582-4540-EDE1-B18BDFC6ADF1}.Release|Any CPU.ActiveCfg = Release|Any CPU
		{190AD492-3582-4540-EDE1-B18BDFC6ADF1}.Release|Any CPU.Build.0 = Release|Any CPU
	EndGlobalSection
	GlobalSection(SolutionProperties) = preSolution
		HideSolutionNode = FALSE
	EndGlobalSection
	GlobalSection(MonoDevelopProperties) = preSolution
		StartupItem = Assembly-CSharp.csproj
	EndGlobalSection
EndGlobal
